PODS:
  - iBoxSafeRuntime (1.0.2)

DEPENDENCIES:
  - iBoxSafeRuntime (~> 1.0.2)

SPEC REPOS:
  "git@git.iboxpay.com:iOSPods/iBoxPodSpecs.git":
    - iBoxSafeRuntime

SPEC CHECKSUMS:
  iBoxSafeRuntime: 97a944dd411135c7ba7c75ac17550416ec7b7f84

PODFILE CHECKSUM: fa035a4f0c8300f2c373c116f3942605dd44a47a

COCOAPODS: 1.7.1
